
Microsoft Visual Studio Solution File, Format Version 12.00
# Visual Studio 14
VisualStudioVersion = 14.0.25420.1
MinimumVisualStudioVersion = 10.0.40219.1
Project("{FAE04EC0-301F-11D3-BF4B-00C04F79EFBC}") = "System.Diagnostics.Tracer", "System.Diagnostics.Tracer\System.Diagnostics.Tracer.csproj", "{AD4BEDB9-5257-4D26-BDBD-78FC8824EE22}"
EndProject
Project("{FAE04EC0-301F-11D3-BF4B-00C04F79EFBC}") = "System.Diagnostics.Tracer.Tests", "System.Diagnostics.Tracer.Tests\System.Diagnostics.Tracer.Tests.csproj", "{110FA3E8-F344-42DC-88E9-1115A2D766C7}"
EndProject
Project("{FAE04EC0-301F-11D3-BF4B-00C04F79EFBC}") = "System.Diagnostics.Tracer.Desktop", "System.Diagnostics.Tracer.Desktop\System.Diagnostics.Tracer.Desktop.csproj", "{60F07594-FB84-4988-B9A7-40E3001AA292}"
EndProject
Project("{D954291E-2A0B-460D-934E-DC6B0785DB48}") = "System.Diagnostics.Tracer.Shared", "System.Diagnostics.Tracer.Shared\System.Diagnostics.Tracer.Shared.shproj", "{A110D5CC-3DCF-4620-A68F-B37F4FCB00D3}"
EndProject
Project("{2150E333-8FDC-42A3-9474-1A3956D46DE8}") = "Solution Items", "Solution Items", "{F2D3CC0C-76E7-45D5-B289-4557291C061C}"
	ProjectSection(SolutionItems) = preProject
		..\build.cmd = ..\build.cmd
		..\build.proj = ..\build.proj
		..\GitInfo.txt = ..\GitInfo.txt
		System.Diagnostics.Tracer.nuspec = System.Diagnostics.Tracer.nuspec
	EndProjectSection
EndProject
Global
	GlobalSection(SharedMSBuildProjectFiles) = preSolution
		System.Diagnostics.Tracer.Shared\System.Diagnostics.Tracer.Shared.projitems*{60f07594-fb84-4988-b9a7-40e3001aa292}*SharedItemsImports = 4
		System.Diagnostics.Tracer.Shared\System.Diagnostics.Tracer.Shared.projitems*{a110d5cc-3dcf-4620-a68f-b37f4fcb00d3}*SharedItemsImports = 13
		System.Diagnostics.Tracer.Shared\System.Diagnostics.Tracer.Shared.projitems*{ad4bedb9-5257-4d26-bdbd-78fc8824ee22}*SharedItemsImports = 4
	EndGlobalSection
	GlobalSection(SolutionConfigurationPlatforms) = preSolution
		Debug|Any CPU = Debug|Any CPU
		Release|Any CPU = Release|Any CPU
	EndGlobalSection
	GlobalSection(ProjectConfigurationPlatforms) = postSolution
		{AD4BEDB9-5257-4D26-BDBD-78FC8824EE22}.Debug|Any CPU.ActiveCfg = Debug|Any CPU
		{AD4BEDB9-5257-4D26-BDBD-78FC8824EE22}.Debug|Any CPU.Build.0 = Debug|Any CPU
		{AD4BEDB9-5257-4D26-BDBD-78FC8824EE22}.Release|Any CPU.ActiveCfg = Release|Any CPU
		{AD4BEDB9-5257-4D26-BDBD-78FC8824EE22}.Release|Any CPU.Build.0 = Release|Any CPU
		{110FA3E8-F344-42DC-88E9-1115A2D766C7}.Debug|Any CPU.ActiveCfg = Debug|Any CPU
		{110FA3E8-F344-42DC-88E9-1115A2D766C7}.Debug|Any CPU.Build.0 = Debug|Any CPU
		{110FA3E8-F344-42DC-88E9-1115A2D766C7}.Release|Any CPU.ActiveCfg = Release|Any CPU
		{110FA3E8-F344-42DC-88E9-1115A2D766C7}.Release|Any CPU.Build.0 = Release|Any CPU
		{60F07594-FB84-4988-B9A7-40E3001AA292}.Debug|Any CPU.ActiveCfg = Debug|Any CPU
		{60F07594-FB84-4988-B9A7-40E3001AA292}.Debug|Any CPU.Build.0 = Debug|Any CPU
		{60F07594-FB84-4988-B9A7-40E3001AA292}.Release|Any CPU.ActiveCfg = Release|Any CPU
		{60F07594-FB84-4988-B9A7-40E3001AA292}.Release|Any CPU.Build.0 = Release|Any CPU
	EndGlobalSection
	GlobalSection(SolutionProperties) = preSolution
		HideSolutionNode = FALSE
	EndGlobalSection
EndGlobal
